
Microsoft Visual Studio Solution File, Format Version 12.00
# Visual Studio Version 17
VisualStudioVersion = 17.5.33530.505
MinimumVisualStudioVersion = 10.0.40219.1
Project("{FAE04EC0-301F-11D3-BF4B-00C04F79EFBC}") = "SimpleIISAppOnContainer", "SimpleIISAppOnContainer.csproj", "{10AE3766-4F5F-4EE0-B260-780185D1DF2C}"
EndProject
Global
	GlobalSection(SolutionConfigurationPlatforms) = preSolution
		Debug|Any CPU = Debug|Any CPU
		Release|Any CPU = Release|Any CPU
	EndGlobalSection
	GlobalSection(ProjectConfigurationPlatforms) = postSolution
		{10AE3766-4F5F-4EE0-B260-780185D1DF2C}.Debug|Any CPU.ActiveCfg = Debug|Any CPU
		{10AE3766-4F5F-4EE0-B260-780185D1DF2C}.Debug|Any CPU.Build.0 = Debug|Any CPU
		{10AE3766-4F5F-4EE0-B260-780185D1DF2C}.Release|Any CPU.ActiveCfg = Release|Any CPU
		{10AE3766-4F5F-4EE0-B260-780185D1DF2C}.Release|Any CPU.Build.0 = Release|Any CPU
	EndGlobalSection
	GlobalSection(SolutionProperties) = preSolution
		HideSolutionNode = FALSE
	EndGlobalSection
	GlobalSection(ExtensibilityGlobals) = postSolution
		SolutionGuid = {94C04E94-A760-4115-8E35-97526AE956E2}
	EndGlobalSection
EndGlobal
